{
  "name": "tally-to-json",
  "version": "1.8.1",
  "lockfileVersion": 3,
  "requires": true,
  "packages": {
    "": {
      "name": "tally-to-json",
      "version": "1.8.1",
      "dependencies": {
        "normalize-json-by-json": "file:../normalize-json-by-json",
        "rename-json-keys": "file:../rename-json-keys",
        "select-json-by-json": "^1.3.1",
        "tally-clean-response": "^1.2.1",
        "tally-xml-tdl": "file:../tally-xml-tdl"
      }
    },
    "../normalize-json-by-json": {
      "version": "1.0.0",
      "license": "MIT"
    },
    "../rename-json-keys": {
      "version": "1.4.1",
      "license": "MIT"
    },
    "../tally-xml-tdl": {
      "version": "1.21.1",
      "dependencies": {
        "fast-xml-parser": "^5.11.1"
      }
    },
    "node_modules/normalize-json-by-json": {
      "resolved": "../normalize-json-by-json",
      "link": true
    },
    "node_modules/rename-json-keys": {
      "resolved": "../rename-json-keys",
      "link": true
    },
    "node_modules/select-json-by-json": {
      "version": "1.3.1",
      "resolved": "https://registry.npmjs.org/select-json-by-json/-/select-json-by-json-1.3.1.tgz",
      "integrity": "sha512-kq2IPYjyph68TwNKl2jzSMLSM6eoLU2pIVVhkhujo+a65uHifebh73WOMyRfh7yi51bn8CXSD+XW0FcQnZP+mA==",
      "license": "MIT",
      "bin": {
        "select-json-by-json": "bin/cli.js"
      }
    },
    "node_modules/tally-clean-response": {
      "version": "1.2.1",
      "resolved": "https://registry.npmjs.org/tally-clean-response/-/tally-clean-response-1.2.1.tgz",
      "integrity": "sha512-nAZMmhbDVeKUmfOu0Wh7XiNi0HAZsqZrCOfO24Q0UzRlA2H9D94ImUt9UyH0/ROpL5m1PSJX8o96MuEraZlHlQ==",
      "license": "MIT"
    },
    "node_modules/tally-xml-tdl": {
      "resolved": "../tally-xml-tdl",
      "link": true
    }
  }
}
